
Microsoft Visual Studio Solution File, Format Version 12.00
# Visual Studio Version 17
VisualStudioVersion = 17.8.34525.116
MinimumVisualStudioVersion = 10.0.40219.1
Project("{FAE04EC0-301F-11D3-BF4B-00C04F79EFBC}") = "ConsoleApp2", "ConsoleApp2\ConsoleApp2.csproj", "{77ACD9FD-EAA8-41D9-93DD-E253D70581C7}"
EndProject
Global
	GlobalSection(SolutionConfigurationPlatforms) = preSolution
		Debug|Any CPU = Debug|Any CPU
		Release|Any CPU = Release|Any CPU
	EndGlobalSection
	GlobalSection(ProjectConfigurationPlatforms) = postSolution
		{77ACD9FD-EAA8-41D9-93DD-E253D70581C7}.Debug|Any CPU.ActiveCfg = Debug|Any CPU
		{77ACD9FD-EAA8-41D9-93DD-E253D70581C7}.Debug|Any CPU.Build.0 = Debug|Any CPU
		{77ACD9FD-EAA8-41D9-93DD-E253D70581C7}.Release|Any CPU.ActiveCfg = Release|Any CPU
		{77ACD9FD-EAA8-41D9-93DD-E253D70581C7}.Release|Any CPU.Build.0 = Release|Any CPU
	EndGlobalSection
	GlobalSection(SolutionProperties) = preSolution
		HideSolutionNode = FALSE
	EndGlobalSection
	GlobalSection(ExtensibilityGlobals) = postSolution
		SolutionGuid = {192520BA-46E1-41D5-9DB7-689F4280AAB7}
	EndGlobalSection
EndGlobal
